
Microsoft Visual Studio Solution File, Format Version 12.00
# Visual Studio Version 17
VisualStudioVersion = 17.13.35931.197 d17.13
MinimumVisualStudioVersion = 10.0.40219.1
Project("{FAE04EC0-301F-11D3-BF4B-00C04F79EFBC}") = "proxy", "proxy.csproj", "{E32C30A6-AF71-4681-A18D-B9E16B47039D}"
EndProject
Global
	GlobalSection(SolutionConfigurationPlatforms) = preSolution
		Debug|Any CPU = Debug|Any CPU
		Release|Any CPU = Release|Any CPU
	EndGlobalSection
	GlobalSection(ProjectConfigurationPlatforms) = postSolution
		{E32C30A6-AF71-4681-A18D-B9E16B47039D}.Debug|Any CPU.ActiveCfg = Debug|Any CPU
		{E32C30A6-AF71-4681-A18D-B9E16B47039D}.Debug|Any CPU.Build.0 = Debug|Any CPU
		{E32C30A6-AF71-4681-A18D-B9E16B47039D}.Release|Any CPU.ActiveCfg = Release|Any CPU
		{E32C30A6-AF71-4681-A18D-B9E16B47039D}.Release|Any CPU.Build.0 = Release|Any CPU
	EndGlobalSection
	GlobalSection(SolutionProperties) = preSolution
		HideSolutionNode = FALSE
	EndGlobalSection
	GlobalSection(ExtensibilityGlobals) = postSolution
		SolutionGuid = {1F232BD7-7B11-43D0-9829-6DA236E70723}
	EndGlobalSection
EndGlobal
