
Microsoft Visual Studio Solution File, Format Version 12.00
# Visual Studio Version 17
VisualStudioVersion = 17.13.35931.197 d17.13
MinimumVisualStudioVersion = 10.0.40219.1
Project("{FAE04EC0-301F-11D3-BF4B-00C04F79EFBC}") = "generics", "generics.csproj", "{A1BF7796-649E-4CA0-822F-E20FD35C670A}"
EndProject
Global
	GlobalSection(SolutionConfigurationPlatforms) = preSolution
		Debug|Any CPU = Debug|Any CPU
		Release|Any CPU = Release|Any CPU
	EndGlobalSection
	GlobalSection(ProjectConfigurationPlatforms) = postSolution
		{A1BF7796-649E-4CA0-822F-E20FD35C670A}.Debug|Any CPU.ActiveCfg = Debug|Any CPU
		{A1BF7796-649E-4CA0-822F-E20FD35C670A}.Debug|Any CPU.Build.0 = Debug|Any CPU
		{A1BF7796-649E-4CA0-822F-E20FD35C670A}.Release|Any CPU.ActiveCfg = Release|Any CPU
		{A1BF7796-649E-4CA0-822F-E20FD35C670A}.Release|Any CPU.Build.0 = Release|Any CPU
	EndGlobalSection
	GlobalSection(SolutionProperties) = preSolution
		HideSolutionNode = FALSE
	EndGlobalSection
	GlobalSection(ExtensibilityGlobals) = postSolution
		SolutionGuid = {0F92A936-B81A-41B3-A894-C1E2B1ADF8FB}
	EndGlobalSection
EndGlobal
